
Microsoft Visual Studio Solution File, Format Version 12.00
# Visual Studio Version 16
VisualStudioVersion = 16.0.30114.105
MinimumVisualStudioVersion = 10.0.40219.1
Project("{2150E333-8FDC-42A3-9474-1A3956D46DE8}") = "src", "src", "{1AEF0A58-81A8-4522-B773-BE1F48D929E9}"
EndProject
Project("{FAE04EC0-301F-11D3-BF4B-00C04F79EFBC}") = "lsif-linker", "src\lsif-linker\lsif-linker.csproj", "{519A8B99-B235-4645-A3FF-FCB867DDE155}"
EndProject
Global
	GlobalSection(SolutionConfigurationPlatforms) = preSolution
		Debug|Any CPU = Debug|Any CPU
		Release|Any CPU = Release|Any CPU
	EndGlobalSection
	GlobalSection(SolutionProperties) = preSolution
		HideSolutionNode = FALSE
	EndGlobalSection
	GlobalSection(ProjectConfigurationPlatforms) = postSolution
		{519A8B99-B235-4645-A3FF-FCB867DDE155}.Debug|Any CPU.ActiveCfg = Debug|Any CPU
		{519A8B99-B235-4645-A3FF-FCB867DDE155}.Debug|Any CPU.Build.0 = Debug|Any CPU
		{519A8B99-B235-4645-A3FF-FCB867DDE155}.Release|Any CPU.ActiveCfg = Release|Any CPU
		{519A8B99-B235-4645-A3FF-FCB867DDE155}.Release|Any CPU.Build.0 = Release|Any CPU
	EndGlobalSection
	GlobalSection(NestedProjects) = preSolution
		{519A8B99-B235-4645-A3FF-FCB867DDE155} = {1AEF0A58-81A8-4522-B773-BE1F48D929E9}
	EndGlobalSection
EndGlobal
